// !$*UTF8*$!
{
	archiveVersion = 1;
	classes = {
	};
	objectVersion = 50;
	objects = {

/* Begin PBXBuildFile section */
		13534BB9247C0F0A0092B21B /* fourthHaptic.sks in Resources */ = {isa = PBXBuildFile; fileRef = 13534BB8247C0F0A0092B21B /* fourthHaptic.sks */; };
		13B72C0B246D95D500732BC8 /* secondvc.sks in Resources */ = {isa = PBXBuildFile; fileRef = 13B72C0A246D95D500732BC8 /* secondvc.sks */; };
		13B72C0D246D974700732BC8 /* secondScene.swift in Sources */ = {isa = PBXBuildFile; fileRef = 13B72C0C246D974700732BC8 /* secondScene.swift */; };
		13B72C0F2472E4CD00732BC8 /* FirstHaptic.swift in Sources */ = {isa = PBXBuildFile; fileRef = 13B72C0E2472E4CD00732BC8 /* FirstHaptic.swift */; };
		13B72C112472E4E400732BC8 /* SecondHaptic.swift in Sources */ = {isa = PBXBuildFile; fileRef = 13B72C102472E4E400732BC8 /* SecondHaptic.swift */; };
		13B72C132472E4F500732BC8 /* ThirdHaptic.swift in Sources */ = {isa = PBXBuildFile; fileRef = 13B72C122472E4F500732BC8 /* ThirdHaptic.swift */; };
		13B72C152472E51600732BC8 /* FourthHaptic.swift in Sources */ = {isa = PBXBuildFile; fileRef = 13B72C142472E51600732BC8 /* FourthHaptic.swift */; };
		13B72C172472E53300732BC8 /* firstHaptic.sks in Resources */ = {isa = PBXBuildFile; fileRef = 13B72C162472E53300732BC8 /* firstHaptic.sks */; };
		13B72C192472E54900732BC8 /* secondHaptic.sks in Resources */ = {isa = PBXBuildFile; fileRef = 13B72C182472E54900732BC8 /* secondHaptic.sks */; };
		13B72C1B2472E56400732BC8 /* thirdHaptic.sks in Resources */ = {isa = PBXBuildFile; fileRef = 13B72C1A2472E56400732BC8 /* thirdHaptic.sks */; };
		13B72C212472EF6600732BC8 /* hapticViewController.swift in Sources */ = {isa = PBXBuildFile; fileRef = 13B72C202472EF6600732BC8 /* hapticViewController.swift */; };
		7B1D3A4724745C9800588D10 /* MenuScene.swift in Sources */ = {isa = PBXBuildFile; fileRef = 7B1D3A4624745C9800588D10 /* MenuScene.swift */; };
		7B1D3A4A2476B0F900588D10 /* Dust.sks in Resources */ = {isa = PBXBuildFile; fileRef = 7B1D3A482476B0F900588D10 /* Dust.sks */; };
		7B1D3A4B2476B0F900588D10 /* Assets.xcassets in Resources */ = {isa = PBXBuildFile; fileRef = 7B1D3A492476B0F900588D10 /* Assets.xcassets */; };
		7B2214192473F3BD00410A2D /* MenuController.swift in Sources */ = {isa = PBXBuildFile; fileRef = 7B2214182473F3BD00410A2D /* MenuController.swift */; };
		7B22141F2473FBA900410A2D /* MenuScene.sks in Resources */ = {isa = PBXBuildFile; fileRef = 7B22141E2473FBA900410A2D /* MenuScene.sks */; };
		7B5C62D1246D6269008244C0 /* AppDelegate.swift in Sources */ = {isa = PBXBuildFile; fileRef = 7B5C62D0246D6269008244C0 /* AppDelegate.swift */; };
		7B5C62D3246D6269008244C0 /* GameScene.sks in Resources */ = {isa = PBXBuildFile; fileRef = 7B5C62D2246D6269008244C0 /* GameScene.sks */; };
		7B5C62D7246D6269008244C0 /* GameScene.swift in Sources */ = {isa = PBXBuildFile; fileRef = 7B5C62D6246D6269008244C0 /* GameScene.swift */; };
		7B5C62D9246D6269008244C0 /* GameViewController.swift in Sources */ = {isa = PBXBuildFile; fileRef = 7B5C62D8246D6269008244C0 /* GameViewController.swift */; };
		7B5C62DC246D6269008244C0 /* Main.storyboard in Resources */ = {isa = PBXBuildFile; fileRef = 7B5C62DA246D6269008244C0 /* Main.storyboard */; };
		7B5C62DE246D626B008244C0 /* Assets.xcassets in Resources */ = {isa = PBXBuildFile; fileRef = 7B5C62DD246D626B008244C0 /* Assets.xcassets */; };
		7B5C62E1246D626B008244C0 /* LaunchScreen.storyboard in Resources */ = {isa = PBXBuildFile; fileRef = 7B5C62DF246D626B008244C0 /* LaunchScreen.storyboard */; };
		7B5C62E9246D62DD008244C0 /* MyTileSet.sks in Resources */ = {isa = PBXBuildFile; fileRef = 7B5C62E8246D62DD008244C0 /* MyTileSet.sks */; };
		7B5C62ED246D79C4008244C0 /* secondvc.swift in Sources */ = {isa = PBXBuildFile; fileRef = 7B5C62EC246D79C4008244C0 /* secondvc.swift */; };
		7BC910C9247ED1D9000D5979 /* unsecure.mp3 in Resources */ = {isa = PBXBuildFile; fileRef = 7BC910C8247ED1D9000D5979 /* unsecure.mp3 */; };
		7BC910CB247ED1EB000D5979 /* enter.mp3 in Resources */ = {isa = PBXBuildFile; fileRef = 7BC910CA247ED1EB000D5979 /* enter.mp3 */; };
		7BE02ED12481A7B100E21A65 /* Level.swift in Sources */ = {isa = PBXBuildFile; fileRef = 7BE02ED02481A7B100E21A65 /* Level.swift */; };
		7BE02ED424855B1A00E21A65 /* Story.swift in Sources */ = {isa = PBXBuildFile; fileRef = 7BE02ED324855B1A00E21A65 /* Story.swift */; };
		9A658677247C0B75008FA5D0 /* SightController.swift in Sources */ = {isa = PBXBuildFile; fileRef = 9A658676247C0B75008FA5D0 /* SightController.swift */; };
		9A7501E924756B4800D6B5B1 /* SightMinigame.swift in Sources */ = {isa = PBXBuildFile; fileRef = 9A7501E824756B4800D6B5B1 /* SightMinigame.swift */; };
/* End PBXBuildFile section */

/* Begin PBXFileReference section */
		13534BB8247C0F0A0092B21B /* fourthHaptic.sks */ = {isa = PBXFileReference; lastKnownFileType = file.sks; path = fourthHaptic.sks; sourceTree = "<group>"; };
		13B72C0A246D95D500732BC8 /* secondvc.sks */ = {isa = PBXFileReference; lastKnownFileType = file.sks; path = secondvc.sks; sourceTree = "<group>"; };
		13B72C0C246D974700732BC8 /* secondScene.swift */ = {isa = PBXFileReference; lastKnownFileType = sourcecode.swift; path = secondScene.swift; sourceTree = "<group>"; };
		13B72C0E2472E4CD00732BC8 /* FirstHaptic.swift */ = {isa = PBXFileReference; lastKnownFileType = sourcecode.swift; path = FirstHaptic.swift; sourceTree = "<group>"; };
		13B72C102472E4E400732BC8 /* SecondHaptic.swift */ = {isa = PBXFileReference; lastKnownFileType = sourcecode.swift; path = SecondHaptic.swift; sourceTree = "<group>"; };
		13B72C122472E4F500732BC8 /* ThirdHaptic.swift */ = {isa = PBXFileReference; lastKnownFileType = sourcecode.swift; path = ThirdHaptic.swift; sourceTree = "<group>"; };
		13B72C142472E51600732BC8 /* FourthHaptic.swift */ = {isa = PBXFileReference; lastKnownFileType = sourcecode.swift; path = FourthHaptic.swift; sourceTree = "<group>"; };
		13B72C162472E53300732BC8 /* firstHaptic.sks */ = {isa = PBXFileReference; lastKnownFileType = file.sks; path = firstHaptic.sks; sourceTree = "<group>"; };
		13B72C182472E54900732BC8 /* secondHaptic.sks */ = {isa = PBXFileReference; lastKnownFileType = file.sks; path = secondHaptic.sks; sourceTree = "<group>"; };
		13B72C1A2472E56400732BC8 /* thirdHaptic.sks */ = {isa = PBXFileReference; lastKnownFileType = file.sks; path = thirdHaptic.sks; sourceTree = "<group>"; };
		13B72C202472EF6600732BC8 /* hapticViewController.swift */ = {isa = PBXFileReference; lastKnownFileType = sourcecode.swift; path = hapticViewController.swift; sourceTree = "<group>"; };
		7B1D3A4624745C9800588D10 /* MenuScene.swift */ = {isa = PBXFileReference; lastKnownFileType = sourcecode.swift; path = MenuScene.swift; sourceTree = "<group>"; };
		7B1D3A482476B0F900588D10 /* Dust.sks */ = {isa = PBXFileReference; lastKnownFileType = file.sks; path = Dust.sks; sourceTree = "<group>"; };
		7B1D3A492476B0F900588D10 /* Assets.xcassets */ = {isa = PBXFileReference; lastKnownFileType = folder.assetcatalog; path = Assets.xcassets; sourceTree = "<group>"; };
		7B2214182473F3BD00410A2D /* MenuController.swift */ = {isa = PBXFileReference; lastKnownFileType = sourcecode.swift; path = MenuController.swift; sourceTree = "<group>"; };
		7B22141E2473FBA900410A2D /* MenuScene.sks */ = {isa = PBXFileReference; lastKnownFileType = file.sks; path = MenuScene.sks; sourceTree = "<group>"; };
		7B5C62CD246D6269008244C0 /* Last Challenge.app */ = {isa = PBXFileReference; explicitFileType = wrapper.application; includeInIndex = 0; path = "Last Challenge.app"; sourceTree = BUILT_PRODUCTS_DIR; };
		7B5C62D0246D6269008244C0 /* AppDelegate.swift */ = {isa = PBXFileReference; lastKnownFileType = sourcecode.swift; path = AppDelegate.swift; sourceTree = "<group>"; };
		7B5C62D2246D6269008244C0 /* GameScene.sks */ = {isa = PBXFileReference; lastKnownFileType = file.sks; path = GameScene.sks; sourceTree = "<group>"; };
		7B5C62D6246D6269008244C0 /* GameScene.swift */ = {isa = PBXFileReference; lastKnownFileType = sourcecode.swift; path = GameScene.swift; sourceTree = "<group>"; };
		7B5C62D8246D6269008244C0 /* GameViewController.swift */ = {isa = PBXFileReference; lastKnownFileType = sourcecode.swift; path = GameViewController.swift; sourceTree = "<group>"; };
		7B5C62DB246D6269008244C0 /* Base */ = {isa = PBXFileReference; lastKnownFileType = file.storyboard; name = Base; path = Base.lproj/Main.storyboard; sourceTree = "<group>"; };
		7B5C62DD246D626B008244C0 /* Assets.xcassets */ = {isa = PBXFileReference; lastKnownFileType = folder.assetcatalog; path = Assets.xcassets; sourceTree = "<group>"; };
		7B5C62E0246D626B008244C0 /* Base */ = {isa = PBXFileReference; lastKnownFileType = file.storyboard; name = Base; path = Base.lproj/LaunchScreen.storyboard; sourceTree = "<group>"; };
		7B5C62E2246D626B008244C0 /* Info.plist */ = {isa = PBXFileReference; lastKnownFileType = text.plist.xml; path = Info.plist; sourceTree = "<group>"; };
		7B5C62E8246D62DD008244C0 /* MyTileSet.sks */ = {isa = PBXFileReference; lastKnownFileType = file.sks; path = MyTileSet.sks; sourceTree = "<group>"; };
		7B5C62EC246D79C4008244C0 /* secondvc.swift */ = {isa = PBXFileReference; lastKnownFileType = sourcecode.swift; path = secondvc.swift; sourceTree = "<group>"; };
		7BC910C8247ED1D9000D5979 /* unsecure.mp3 */ = {isa = PBXFileReference; lastKnownFileType = audio.mp3; path = unsecure.mp3; sourceTree = "<group>"; };
		7BC910CA247ED1EB000D5979 /* enter.mp3 */ = {isa = PBXFileReference; lastKnownFileType = audio.mp3; path = enter.mp3; sourceTree = "<group>"; };
		7BE02ED02481A7B100E21A65 /* Level.swift */ = {isa = PBXFileReference; lastKnownFileType = sourcecode.swift; path = Level.swift; sourceTree = "<group>"; };
		7BE02ED324855B1A00E21A65 /* Story.swift */ = {isa = PBXFileReference; lastKnownFileType = sourcecode.swift; path = Story.swift; sourceTree = "<group>"; };
		9A658676247C0B75008FA5D0 /* SightController.swift */ = {isa = PBXFileReference; fileEncoding = 4; lastKnownFileType = sourcecode.swift; path = SightController.swift; sourceTree = "<group>"; };
		9A7501E824756B4800D6B5B1 /* SightMinigame.swift */ = {isa = PBXFileReference; lastKnownFileType = sourcecode.swift; path = SightMinigame.swift; sourceTree = "<group>"; };
/* End PBXFileReference section */

/* Begin PBXFrameworksBuildPhase section */
		7B5C62CA246D6269008244C0 /* Frameworks */ = {
			isa = PBXFrameworksBuildPhase;
			buildActionMask = 2147483647;
			files = (
			);
			runOnlyForDeploymentPostprocessing = 0;
		};
/* End PBXFrameworksBuildPhase section */

/* Begin PBXGroup section */
		7B2214152473F34100410A2D /* Haptic */ = {
			isa = PBXGroup;
			children = (
				13B72C202472EF6600732BC8 /* hapticViewController.swift */,
				13B72C0E2472E4CD00732BC8 /* FirstHaptic.swift */,
				13B72C102472E4E400732BC8 /* SecondHaptic.swift */,
				13B72C122472E4F500732BC8 /* ThirdHaptic.swift */,
				13B72C142472E51600732BC8 /* FourthHaptic.swift */,
				13B72C162472E53300732BC8 /* firstHaptic.sks */,
				13B72C182472E54900732BC8 /* secondHaptic.sks */,
				13B72C1A2472E56400732BC8 /* thirdHaptic.sks */,
				13534BB8247C0F0A0092B21B /* fourthHaptic.sks */,
			);
			path = Haptic;
			sourceTree = "<group>";
		};
		7B2214162473F38100410A2D /* Maze */ = {
			isa = PBXGroup;
			children = (
				7B5C62E8246D62DD008244C0 /* MyTileSet.sks */,
				7B5C62D8246D6269008244C0 /* GameViewController.swift */,
				7B5C62D6246D6269008244C0 /* GameScene.swift */,
				7B5C62D2246D6269008244C0 /* GameScene.sks */,
				7B1D3A482476B0F900588D10 /* Dust.sks */,
				7B1D3A492476B0F900588D10 /* Assets.xcassets */,
				7BE02ED02481A7B100E21A65 /* Level.swift */,
			);
			path = Maze;
			sourceTree = "<group>";
		};
		7B2214172473F39F00410A2D /* Menu */ = {
			isa = PBXGroup;
			children = (
				7B2214182473F3BD00410A2D /* MenuController.swift */,
				7B22141E2473FBA900410A2D /* MenuScene.sks */,
				7B1D3A4624745C9800588D10 /* MenuScene.swift */,
			);
			path = Menu;
			sourceTree = "<group>";
		};
		7B5C62C4246D6269008244C0 = {
			isa = PBXGroup;
			children = (
				7B5C62CF246D6269008244C0 /* NewMaze */,
				7B5C62CE246D6269008244C0 /* Products */,
				7B5C62D0246D6269008244C0 /* AppDelegate.swift */,
			);
			sourceTree = "<group>";
		};
		7B5C62CE246D6269008244C0 /* Products */ = {
			isa = PBXGroup;
			children = (
				7B5C62CD246D6269008244C0 /* Last Challenge.app */,
			);
			name = Products;
			sourceTree = "<group>";
		};
		7B5C62CF246D6269008244C0 /* NewMaze */ = {
			isa = PBXGroup;
			children = (
				7BE02ED224855AFF00E21A65 /* Story */,
				7BC910C7247ED1B6000D5979 /* Audio */,
				7B2214172473F39F00410A2D /* Menu */,
				7B2214162473F38100410A2D /* Maze */,
				7B2214152473F34100410A2D /* Haptic */,
				9A7501E32475692600D6B5B1 /* Sight */,
				13B72C0A246D95D500732BC8 /* secondvc.sks */,
				13B72C0C246D974700732BC8 /* secondScene.swift */,
				7B5C62EC246D79C4008244C0 /* secondvc.swift */,
				7B5C62DA246D6269008244C0 /* Main.storyboard */,
				7B5C62DD246D626B008244C0 /* Assets.xcassets */,
				7B5C62DF246D626B008244C0 /* LaunchScreen.storyboard */,
				7B5C62E2246D626B008244C0 /* Info.plist */,
			);
			path = NewMaze;
			sourceTree = "<group>";
		};
		7BC910C7247ED1B6000D5979 /* Audio */ = {
			isa = PBXGroup;
			children = (
				7BC910CA247ED1EB000D5979 /* enter.mp3 */,
				7BC910C8247ED1D9000D5979 /* unsecure.mp3 */,
			);
			path = Audio;
			sourceTree = "<group>";
		};
		7BE02ED224855AFF00E21A65 /* Story */ = {
			isa = PBXGroup;
			children = (
				7BE02ED324855B1A00E21A65 /* Story.swift */,
			);
			path = Story;
			sourceTree = "<group>";
		};
		9A7501E32475692600D6B5B1 /* Sight */ = {
			isa = PBXGroup;
			children = (
				9A7501E824756B4800D6B5B1 /* SightMinigame.swift */,
				9A658676247C0B75008FA5D0 /* SightController.swift */,
			);
			path = Sight;
			sourceTree = "<group>";
		};
/* End PBXGroup section */

/* Begin PBXNativeTarget section */
		7B5C62CC246D6269008244C0 /* NewMaze */ = {
			isa = PBXNativeTarget;
			buildConfigurationList = 7B5C62E5246D626B008244C0 /* Build configuration list for PBXNativeTarget "NewMaze" */;
			buildPhases = (
				7B5C62C9246D6269008244C0 /* Sources */,
				7B5C62CA246D6269008244C0 /* Frameworks */,
				7B5C62CB246D6269008244C0 /* Resources */,
			);
			buildRules = (
			);
			dependencies = (
			);
			name = NewMaze;
			productName = NewMaze;
			productReference = 7B5C62CD246D6269008244C0 /* Last Challenge.app */;
			productType = "com.apple.product-type.application";
		};
/* End PBXNativeTarget section */

/* Begin PBXProject section */
		7B5C62C5246D6269008244C0 /* Project object */ = {
			isa = PBXProject;
			attributes = {
				LastSwiftUpdateCheck = 1140;
				LastUpgradeCheck = 1140;
				ORGANIZATIONNAME = "Adriano Gatto";
				TargetAttributes = {
					7B5C62CC246D6269008244C0 = {
						CreatedOnToolsVersion = 11.4.1;
					};
				};
			};
			buildConfigurationList = 7B5C62C8246D6269008244C0 /* Build configuration list for PBXProject "NewMaze" */;
			compatibilityVersion = "Xcode 9.3";
			developmentRegion = en;
			hasScannedForEncodings = 0;
			knownRegions = (
				en,
				Base,
			);
			mainGroup = 7B5C62C4246D6269008244C0;
			productRefGroup = 7B5C62CE246D6269008244C0 /* Products */;
			projectDirPath = "";
			projectRoot = "";
			targets = (
				7B5C62CC246D6269008244C0 /* NewMaze */,
			);
		};
/* End PBXProject section */

/* Begin PBXResourcesBuildPhase section */
		7B5C62CB246D6269008244C0 /* Resources */ = {
			isa = PBXResourcesBuildPhase;
			buildActionMask = 2147483647;
			files = (
				7B5C62E9246D62DD008244C0 /* MyTileSet.sks in Resources */,
				13B72C1B2472E56400732BC8 /* thirdHaptic.sks in Resources */,
				13B72C172472E53300732BC8 /* firstHaptic.sks in Resources */,
				7B22141F2473FBA900410A2D /* MenuScene.sks in Resources */,
				7BC910C9247ED1D9000D5979 /* unsecure.mp3 in Resources */,
				7B5C62DC246D6269008244C0 /* Main.storyboard in Resources */,
				7B5C62D3246D6269008244C0 /* GameScene.sks in Resources */,
				13B72C192472E54900732BC8 /* secondHaptic.sks in Resources */,
				13534BB9247C0F0A0092B21B /* fourthHaptic.sks in Resources */,
				13B72C0B246D95D500732BC8 /* secondvc.sks in Resources */,
				7B5C62DE246D626B008244C0 /* Assets.xcassets in Resources */,
				7BC910CB247ED1EB000D5979 /* enter.mp3 in Resources */,
				7B1D3A4A2476B0F900588D10 /* Dust.sks in Resources */,
				7B1D3A4B2476B0F900588D10 /* Assets.xcassets in Resources */,
				7B5C62E1246D626B008244C0 /* LaunchScreen.storyboard in Resources */,
			);
			runOnlyForDeploymentPostprocessing = 0;
		};
/* End PBXResourcesBuildPhase section */

/* Begin PBXSourcesBuildPhase section */
		7B5C62C9246D6269008244C0 /* Sources */ = {
			isa = PBXSourcesBuildPhase;
			buildActionMask = 2147483647;
			files = (
				9A658677247C0B75008FA5D0 /* SightController.swift in Sources */,
				13B72C132472E4F500732BC8 /* ThirdHaptic.swift in Sources */,
				13B72C212472EF6600732BC8 /* hapticViewController.swift in Sources */,
				13B72C152472E51600732BC8 /* FourthHaptic.swift in Sources */,
				7B5C62D7246D6269008244C0 /* GameScene.swift in Sources */,
				13B72C0D246D974700732BC8 /* secondScene.swift in Sources */,
				7B2214192473F3BD00410A2D /* MenuController.swift in Sources */,
				7BE02ED424855B1A00E21A65 /* Story.swift in Sources */,
				7B5C62D9246D6269008244C0 /* GameViewController.swift in Sources */,
				13B72C112472E4E400732BC8 /* SecondHaptic.swift in Sources */,
				7B5C62ED246D79C4008244C0 /* secondvc.swift in Sources */,
				7B1D3A4724745C9800588D10 /* MenuScene.swift in Sources */,
				7B5C62D1246D6269008244C0 /* AppDelegate.swift in Sources */,
				13B72C0F2472E4CD00732BC8 /* FirstHaptic.swift in Sources */,
				7BE02ED12481A7B100E21A65 /* Level.swift in Sources */,
				9A7501E924756B4800D6B5B1 /* SightMinigame.swift in Sources */,
			);
			runOnlyForDeploymentPostprocessing = 0;
		};
/* End PBXSourcesBuildPhase section */

/* Begin PBXVariantGroup section */
		7B5C62DA246D6269008244C0 /* Main.storyboard */ = {
			isa = PBXVariantGroup;
			children = (
				7B5C62DB246D6269008244C0 /* Base */,
			);
			name = Main.storyboard;
			sourceTree = "<group>";
		};
		7B5C62DF246D626B008244C0 /* LaunchScreen.storyboard */ = {
			isa = PBXVariantGroup;
			children = (
				7B5C62E0246D626B008244C0 /* Base */,
			);
			name = LaunchScreen.storyboard;
			sourceTree = "<group>";
		};
/* End PBXVariantGroup section */

/* Begin XCBuildConfiguration section */
		7B5C62E3246D626B008244C0 /* Debug */ = {
			isa = XCBuildConfiguration;
			buildSettings = {
				ALWAYS_SEARCH_USER_PATHS = NO;
				CLANG_ANALYZER_NONNULL = YES;
				CLANG_ANALYZER_NUMBER_OBJECT_CONVERSION = YES_AGGRESSIVE;
				CLANG_CXX_LANGUAGE_STANDARD = "gnu++14";
				CLANG_CXX_LIBRARY = "libc++";
				CLANG_ENABLE_MODULES = YES;
				CLANG_ENABLE_OBJC_ARC = YES;
				CLANG_ENABLE_OBJC_WEAK = YES;
				CLANG_WARN_BLOCK_CAPTURE_AUTORELEASING = YES;
				CLANG_WARN_BOOL_CONVERSION = YES;
				CLANG_WARN_COMMA = YES;
				CLANG_WARN_CONSTANT_CONVERSION = YES;
				CLANG_WARN_DEPRECATED_OBJC_IMPLEMENTATIONS = YES;
				CLANG_WARN_DIRECT_OBJC_ISA_USAGE = YES_ERROR;
				CLANG_WARN_DOCUMENTATION_COMMENTS = YES;
				CLANG_WARN_EMPTY_BODY = YES;
				CLANG_WARN_ENUM_CONVERSION = YES;
				CLANG_WARN_INFINITE_RECURSION = YES;
				CLANG_WARN_INT_CONVERSION = YES;
				CLANG_WARN_NON_LITERAL_NULL_CONVERSION = YES;
				CLANG_WARN_OBJC_IMPLICIT_RETAIN_SELF = YES;
				CLANG_WARN_OBJC_LITERAL_CONVERSION = YES;
				CLANG_WARN_OBJC_ROOT_CLASS = YES_ERROR;
				CLANG_WARN_RANGE_LOOP_ANALYSIS = YES;
				CLANG_WARN_STRICT_PROTOTYPES = YES;
				CLANG_WARN_SUSPICIOUS_MOVE = YES;
				CLANG_WARN_UNGUARDED_AVAILABILITY = YES_AGGRESSIVE;
				CLANG_WARN_UNREACHABLE_CODE = YES;
				CLANG_WARN__DUPLICATE_METHOD_MATCH = YES;
				COPY_PHASE_STRIP = NO;
				DEBUG_INFORMATION_FORMAT = dwarf;
				ENABLE_STRICT_OBJC_MSGSEND = YES;
				ENABLE_TESTABILITY = YES;
				GCC_C_LANGUAGE_STANDARD = gnu11;
				GCC_DYNAMIC_NO_PIC = NO;
				GCC_NO_COMMON_BLOCKS = YES;
				GCC_OPTIMIZATION_LEVEL = 0;
				GCC_PREPROCESSOR_DEFINITIONS = (
					"DEBUG=1",
					"$(inherited)",
				);
				GCC_WARN_64_TO_32_BIT_CONVERSION = YES;
				GCC_WARN_ABOUT_RETURN_TYPE = YES_ERROR;
				GCC_WARN_UNDECLARED_SELECTOR = YES;
				GCC_WARN_UNINITIALIZED_AUTOS = YES_AGGRESSIVE;
				GCC_WARN_UNUSED_FUNCTION = YES;
				GCC_WARN_UNUSED_VARIABLE = YES;
				IPHONEOS_DEPLOYMENT_TARGET = 13.4;
				MTL_ENABLE_DEBUG_INFO = INCLUDE_SOURCE;
				MTL_FAST_MATH = YES;
				ONLY_ACTIVE_ARCH = YES;
				SDKROOT = iphoneos;
				SWIFT_ACTIVE_COMPILATION_CONDITIONS = DEBUG;
				SWIFT_OPTIMIZATION_LEVEL = "-Onone";
			};
			name = Debug;
		};
		7B5C62E4246D626B008244C0 /* Release */ = {
			isa = XCBuildConfiguration;
			buildSettings = {
				ALWAYS_SEARCH_USER_PATHS = NO;
				CLANG_ANALYZER_NONNULL = YES;
				CLANG_ANALYZER_NUMBER_OBJECT_CONVERSION = YES_AGGRESSIVE;
				CLANG_CXX_LANGUAGE_STANDARD = "gnu++14";
				CLANG_CXX_LIBRARY = "libc++";
				CLANG_ENABLE_MODULES = YES;
				CLANG_ENABLE_OBJC_ARC = YES;
				CLANG_ENABLE_OBJC_WEAK = YES;
				CLANG_WARN_BLOCK_CAPTURE_AUTORELEASING = YES;
				CLANG_WARN_BOOL_CONVERSION = YES;
				CLANG_WARN_COMMA = YES;
				CLANG_WARN_CONSTANT_CONVERSION = YES;
				CLANG_WARN_DEPRECATED_OBJC_IMPLEMENTATIONS = YES;
				CLANG_WARN_DIRECT_OBJC_ISA_USAGE = YES_ERROR;
				CLANG_WARN_DOCUMENTATION_COMMENTS = YES;
				CLANG_WARN_EMPTY_BODY = YES;
				CLANG_WARN_ENUM_CONVERSION = YES;
				CLANG_WARN_INFINITE_RECURSION = YES;
				CLANG_WARN_INT_CONVERSION = YES;
				CLANG_WARN_NON_LITERAL_NULL_CONVERSION = YES;
				CLANG_WARN_OBJC_IMPLICIT_RETAIN_SELF = YES;
				CLANG_WARN_OBJC_LITERAL_CONVERSION = YES;
				CLANG_WARN_OBJC_ROOT_CLASS = YES_ERROR;
				CLANG_WARN_RANGE_LOOP_ANALYSIS = YES;
				CLANG_WARN_STRICT_PROTOTYPES = YES;
				CLANG_WARN_SUSPICIOUS_MOVE = YES;
				CLANG_WARN_UNGUARDED_AVAILABILITY = YES_AGGRESSIVE;
				CLANG_WARN_UNREACHABLE_CODE = YES;
				CLANG_WARN__DUPLICATE_METHOD_MATCH = YES;
				COPY_PHASE_STRIP = NO;
				DEBUG_INFORMATION_FORMAT = "dwarf-with-dsym";
				ENABLE_NS_ASSERTIONS = NO;
				ENABLE_STRICT_OBJC_MSGSEND = YES;
				GCC_C_LANGUAGE_STANDARD = gnu11;
				GCC_NO_COMMON_BLOCKS = YES;
				GCC_WARN_64_TO_32_BIT_CONVERSION = YES;
				GCC_WARN_ABOUT_RETURN_TYPE = YES_ERROR;
				GCC_WARN_UNDECLARED_SELECTOR = YES;
				GCC_WARN_UNINITIALIZED_AUTOS = YES_AGGRESSIVE;
				GCC_WARN_UNUSED_FUNCTION = YES;
				GCC_WARN_UNUSED_VARIABLE = YES;
				IPHONEOS_DEPLOYMENT_TARGET = 13.4;
				MTL_ENABLE_DEBUG_INFO = NO;
				MTL_FAST_MATH = YES;
				SDKROOT = iphoneos;
				SWIFT_COMPILATION_MODE = wholemodule;
				SWIFT_OPTIMIZATION_LEVEL = "-O";
				VALIDATE_PRODUCT = YES;
			};
			name = Release;
		};
		7B5C62E6246D626B008244C0 /* Debug */ = {
			isa = XCBuildConfiguration;
			buildSettings = {
				ASSETCATALOG_COMPILER_APPICON_NAME = AppIcon;
				CODE_SIGN_STYLE = Automatic;
				DEVELOPMENT_TEAM = 2Z8XQCA75N;
				INFOPLIST_FILE = NewMaze/Info.plist;
				LD_RUNPATH_SEARCH_PATHS = (
					"$(inherited)",
					"@executable_path/Frameworks",
				);
				PRODUCT_BUNDLE_IDENTIFIER = com.adrianog21.NewMaze;
				PRODUCT_NAME = "Last Challenge";
				SWIFT_VERSION = 5.0;
				TARGETED_DEVICE_FAMILY = "1,2";
			};
			name = Debug;
		};
		7B5C62E7246D626B008244C0 /* Release */ = {
			isa = XCBuildConfiguration;
			buildSettings = {
				ASSETCATALOG_COMPILER_APPICON_NAME = AppIcon;
				CODE_SIGN_STYLE = Automatic;
				DEVELOPMENT_TEAM = 2Z8XQCA75N;
				INFOPLIST_FILE = NewMaze/Info.plist;
				LD_RUNPATH_SEARCH_PATHS = (
					"$(inherited)",
					"@executable_path/Frameworks",
				);
				PRODUCT_BUNDLE_IDENTIFIER = com.adrianog21.NewMaze;
				PRODUCT_NAME = "Last Challenge";
				SWIFT_VERSION = 5.0;
				TARGETED_DEVICE_FAMILY = "1,2";
			};
			name = Release;
		};
/* End XCBuildConfiguration section */

/* Begin XCConfigurationList section */
		7B5C62C8246D6269008244C0 /* Build configuration list for PBXProject "NewMaze" */ = {
			isa = XCConfigurationList;
			buildConfigurations = (
				7B5C62E3246D626B008244C0 /* Debug */,
				7B5C62E4246D626B008244C0 /* Release */,
			);
			defaultConfigurationIsVisible = 0;
			defaultConfigurationName = Release;
		};
		7B5C62E5246D626B008244C0 /* Build configuration list for PBXNativeTarget "NewMaze" */ = {
			isa = XCConfigurationList;
			buildConfigurations = (
				7B5C62E6246D626B008244C0 /* Debug */,
				7B5C62E7246D626B008244C0 /* Release */,
			);
			defaultConfigurationIsVisible = 0;
			defaultConfigurationName = Release;
		};
/* End XCConfigurationList section */
	};
	rootObject = 7B5C62C5246D6269008244C0 /* Project object */;
}
